{
  "name": "madnesslabs2019",
  "version": "0.0.1",
  "lockfileVersion": 1,
  "requires": true,
  "dependencies": {
    "@ionic/core": {
      "version": "4.5.0-dev.201906121618.2d7ac4e",
      "resolved": "https://registry.npmjs.org/@ionic/core/-/core-4.5.0-dev.201906121618.2d7ac4e.tgz",
      "integrity": "sha512-ni9gK4x4z36g9GoNf4mapIoFBjRMD6UT6ufCmI96s5Upqr7lt2AC7FkAJDTYFc/bHU/dbP9NvGLV1Tb76fbd3Q==",
      "requires": {
        "ionicons": "4.5.9-1",
        "tslib": "^1.9.3"
      }
    },
    "@stencil/core": {
      "version": "1.0.2",
      "resolved": "https://registry.npmjs.org/@stencil/core/-/core-1.0.2.tgz",
      "integrity": "sha512-5hug3gaFcAJSfyMTqppoOf9hJyrdYBVjlgnlW3IjDCTMKHFcnvXQh31E54n+Hv9z868/B0EbCxY5lhMVHbTIKw==",
      "dev": true,
      "requires": {
        "typescript": "3.5.1"
      }
    },
    "ionicons": {
      "version": "4.5.9-1",
      "resolved": "https://registry.npmjs.org/ionicons/-/ionicons-4.5.9-1.tgz",
      "integrity": "sha512-jR95cFGkPwNoH3MmoMF7qO+wMRgr7RdDG4Zuy+3WA6dnochfaZ1BisIC1TB3XLydy5cShxAK5eHqaSHcRkUHPQ=="
    },
    "tslib": {
      "version": "1.10.0",
      "resolved": "https://registry.npmjs.org/tslib/-/tslib-1.10.0.tgz",
      "integrity": "sha512-qOebF53frne81cf0S9B41ByenJ3/IuH8yJKngAX35CmiZySA0khhkovshKK+jGCaMnVomla7gVlIcc3EvKPbTQ=="
    },
    "typescript": {
      "version": "3.5.1",
      "resolved": "https://registry.npmjs.org/typescript/-/typescript-3.5.1.tgz",
      "integrity": "sha512-64HkdiRv1yYZsSe4xC1WVgamNigVYjlssIoaH2HcZF0+ijsk5YK2g0G34w9wJkze8+5ow4STd22AynfO6ZYYLw==",
      "dev": true
    }
  }
}
